{
	"name": "@kba/anno-store-http",
	"version": "0.0.8",
	"lockfileVersion": 1,
	"requires": true,
	"dependencies": {
		"@kba/anno-errors": {
			"version": "0.0.2",
			"resolved": "https://registry.npmjs.org/@kba/anno-errors/-/anno-errors-0.0.2.tgz",
			"integrity": "sha512-GOlGC4BSKPvXggB3zsu3GUndfYxKjnweoNKvuJV0Tk1hZiL25iLiLwMBrjROhJqIqSMPdt9qleIiYNa4eazq3Q=="
		},
		"@kba/anno-queries": {
			"version": "0.0.4",
			"resolved": "https://registry.npmjs.org/@kba/anno-queries/-/anno-queries-0.0.4.tgz",
			"integrity": "sha512-J2W2VOgcPxkT+NuIQIBqorQSstvdxvSKZ5mn7hyrEpeCMSqLzCwfbXosfWBQjrIJ/GEboV6zmbHzeJQ8PqjCXQ==",
			"requires": {
				"@kba/anno-util": "^0.0.2",
				"object-prune": "^0.0.4"
			}
		},
		"@kba/anno-schema": {
			"version": "0.0.8",
			"resolved": "https://registry.npmjs.org/@kba/anno-schema/-/anno-schema-0.0.8.tgz",
			"integrity": "sha512-JDIG+JRSkUbNw9rjyAwb84qzyoOea4R4DBPmTWV+fzsRHLpMpMedKrLZcjP0Ou/fFoyzkGfvt20qih8nPspPvw==",
			"requires": {
				"ajv": "^5.2.0",
				"envyconf": "^0.0.5",
				"js-yaml": "3.10.0",
				"mustache": "^2.3.0"
			}
		},
		"@kba/anno-store": {
			"version": "0.0.8",
			"resolved": "https://registry.npmjs.org/@kba/anno-store/-/anno-store-0.0.8.tgz",
			"integrity": "sha512-RcTEImmZg9LHhRv9gVE+2fFh7I/RqB0G9Y2wotb3SwvAoXjcruMNXQrGgleaqS8oeNtxVsNTvFbZZIvmNe4aIw==",
			"requires": {
				"@kba/anno-queries": "0.0.4",
				"@kba/anno-schema": "^0.0.8",
				"@kba/anno-util": "^0.0.2",
				"async": "^2.3.0",
				"envyconf": "^0.0.5",
				"fetch-ponyfill": "4.1.0",
				"slugid": "^1.1.0"
			}
		},
		"@kba/anno-util": {
			"version": "0.0.2",
			"resolved": "https://registry.npmjs.org/@kba/anno-util/-/anno-util-0.0.2.tgz",
			"integrity": "sha512-QuCrzBkQgbPJ77v5YMpTggdVCH9ZCAYrN2hIs1h+ph9XVnqwOPF/v+JQeGOQ246V/PiZKpPh4ervqkGh+7HmkQ=="
		},
		"ajv": {
			"version": "5.5.2",
			"resolved": "https://registry.npmjs.org/ajv/-/ajv-5.5.2.tgz",
			"integrity": "sha1-c7Xuyj+rZT49P5Qis0GtQiBdyWU=",
			"requires": {
				"co": "^4.6.0",
				"fast-deep-equal": "^1.0.0",
				"fast-json-stable-stringify": "^2.0.0",
				"json-schema-traverse": "^0.3.0"
			}
		},
		"argparse": {
			"version": "1.0.10",
			"resolved": "https://registry.npmjs.org/argparse/-/argparse-1.0.10.tgz",
			"integrity": "sha512-o5Roy6tNG4SL/FOkCAN6RzjiakZS25RLYFrcMttJqbdd8BWrnA+fGz57iN5Pb06pvBGvl5gQ0B48dJlslXvoTg==",
			"requires": {
				"sprintf-js": "~1.0.2"
			}
		},
		"async": {
			"version": "2.6.3",
			"resolved": "https://registry.npmjs.org/async/-/async-2.6.3.tgz",
			"integrity": "sha512-zflvls11DCy+dQWzTW2dzuilv8Z5X/pjfmZOWba6TNIVDm+2UDaJmXSOXlasHKfNBs8oo3M0aT50fDEWfKZjXg==",
			"requires": {
				"lodash": "^4.17.14"
			}
		},
		"axios": {
			"version": "0.21.1",
			"resolved": "https://registry.npmjs.org/axios/-/axios-0.21.1.tgz",
			"integrity": "sha512-dKQiRHxGD9PPRIUNIWvZhPTPpl1rf/OxTYKsqKUDjBwYylTvV7SjSHJb9ratfyzM6wCdLCOYLzs73qpg5c4iGA==",
			"requires": {
				"follow-redirects": "^1.10.0"
			}
		},
		"co": {
			"version": "4.6.0",
			"resolved": "https://registry.npmjs.org/co/-/co-4.6.0.tgz",
			"integrity": "sha1-bqa989hTrlTMuOR7+gvz+QMfsYQ="
		},
		"encoding": {
			"version": "0.1.13",
			"resolved": "https://registry.npmjs.org/encoding/-/encoding-0.1.13.tgz",
			"integrity": "sha512-ETBauow1T35Y/WZMkio9jiM0Z5xjHHmJ4XmjZOq1l/dXz3lr2sRn87nJy20RupqSh1F2m3HHPSp8ShIPQJrJ3A==",
			"requires": {
				"iconv-lite": "^0.6.2"
			}
		},
		"envyconf": {
			"version": "0.0.5",
			"resolved": "https://registry.npmjs.org/envyconf/-/envyconf-0.0.5.tgz",
			"integrity": "sha1-k9uKyTZfa+rUApUcx/IdxQHVGDE="
		},
		"esprima": {
			"version": "4.0.1",
			"resolved": "https://registry.npmjs.org/esprima/-/esprima-4.0.1.tgz",
			"integrity": "sha512-eGuFFw7Upda+g4p+QHvnW0RyTX/SVeJBDM/gCtMARO0cLuT2HcEKnTPvhjV6aGeqrCB/sbNop0Kszm0jsaWU4A=="
		},
		"fast-deep-equal": {
			"version": "1.1.0",
			"resolved": "https://registry.npmjs.org/fast-deep-equal/-/fast-deep-equal-1.1.0.tgz",
			"integrity": "sha1-wFNHeBfIa1HaqFPIHgWbcz0CNhQ="
		},
		"fast-json-stable-stringify": {
			"version": "2.1.0",
			"resolved": "https://registry.npmjs.org/fast-json-stable-stringify/-/fast-json-stable-stringify-2.1.0.tgz",
			"integrity": "sha512-lhd/wF+Lk98HZoTCtlVraHtfh5XYijIjalXck7saUtuanSDyLMxnHhSXEDJqHxD7msR8D0uCmqlkwjCV8xvwHw=="
		},
		"fetch-ponyfill": {
			"version": "4.1.0",
			"resolved": "https://registry.npmjs.org/fetch-ponyfill/-/fetch-ponyfill-4.1.0.tgz",
			"integrity": "sha1-rjzl9zLGReq4fkroeTQUcJsjmJM=",
			"requires": {
				"node-fetch": "~1.7.1"
			}
		},
		"follow-redirects": {
			"version": "1.13.1",
			"resolved": "https://registry.npmjs.org/follow-redirects/-/follow-redirects-1.13.1.tgz",
			"integrity": "sha512-SSG5xmZh1mkPGyKzjZP8zLjltIfpW32Y5QpdNJyjcfGxK3qo3NDDkZOZSFiGn1A6SclQxY9GzEwAHQ3dmYRWpg=="
		},
		"iconv-lite": {
			"version": "0.6.2",
			"resolved": "https://registry.npmjs.org/iconv-lite/-/iconv-lite-0.6.2.tgz",
			"integrity": "sha512-2y91h5OpQlolefMPmUlivelittSWy0rP+oYVpn6A7GwVHNE8AWzoYOBNmlwks3LobaJxgHCYZAnyNo2GgpNRNQ==",
			"requires": {
				"safer-buffer": ">= 2.1.2 < 3.0.0"
			}
		},
		"is-stream": {
			"version": "1.1.0",
			"resolved": "https://registry.npmjs.org/is-stream/-/is-stream-1.1.0.tgz",
			"integrity": "sha1-EtSj3U5o4Lec6428hBc66A2RykQ="
		},
		"js-yaml": {
			"version": "3.10.0",
			"resolved": "https://registry.npmjs.org/js-yaml/-/js-yaml-3.10.0.tgz",
			"integrity": "sha512-O2v52ffjLa9VeM43J4XocZE//WT9N0IiwDa3KSHH7Tu8CtH+1qM8SIZvnsTh6v+4yFy5KUY3BHUVwjpfAWsjIA==",
			"requires": {
				"argparse": "^1.0.7",
				"esprima": "^4.0.0"
			}
		},
		"json-schema-traverse": {
			"version": "0.3.1",
			"resolved": "https://registry.npmjs.org/json-schema-traverse/-/json-schema-traverse-0.3.1.tgz",
			"integrity": "sha1-NJptRMU6Ud6JtAgFxdXlm0F9M0A="
		},
		"lodash": {
			"version": "4.17.20",
			"resolved": "https://registry.npmjs.org/lodash/-/lodash-4.17.20.tgz",
			"integrity": "sha512-PlhdFcillOINfeV7Ni6oF1TAEayyZBoZ8bcshTHqOYJYlrqzRK5hagpagky5o4HfCzzd1TRkXPMFq6cKk9rGmA=="
		},
		"mustache": {
			"version": "2.3.2",
			"resolved": "https://registry.npmjs.org/mustache/-/mustache-2.3.2.tgz",
			"integrity": "sha512-KpMNwdQsYz3O/SBS1qJ/o3sqUJ5wSb8gb0pul8CO0S56b9Y2ALm8zCfsjPXsqGFfoNBkDwZuZIAjhsZI03gYVQ=="
		},
		"node-fetch": {
			"version": "1.7.3",
			"resolved": "https://registry.npmjs.org/node-fetch/-/node-fetch-1.7.3.tgz",
			"integrity": "sha512-NhZ4CsKx7cYm2vSrBAr2PvFOe6sWDf0UYLRqA6svUYg7+/TSfVAu49jYC4BvQ4Sms9SZgdqGBgroqfDhJdTyKQ==",
			"requires": {
				"encoding": "^0.1.11",
				"is-stream": "^1.0.1"
			}
		},
		"object-prune": {
			"version": "0.0.4",
			"resolved": "https://registry.npmjs.org/object-prune/-/object-prune-0.0.4.tgz",
			"integrity": "sha1-RX/6xA2vHTFEzsuJtsXqhwglij0="
		},
		"querystring": {
			"version": "0.2.0",
			"resolved": "https://registry.npmjs.org/querystring/-/querystring-0.2.0.tgz",
			"integrity": "sha1-sgmEkgO7Jd+CDadW50cAWHhSFiA="
		},
		"safer-buffer": {
			"version": "2.1.2",
			"resolved": "https://registry.npmjs.org/safer-buffer/-/safer-buffer-2.1.2.tgz",
			"integrity": "sha512-YZo3K82SD7Riyi0E1EQPojLz7kpepnSQI9IyPbHHg1XXXevb5dJI7tpyN2ADxGcQbHG7vcyRHk0cbwqcQriUtg=="
		},
		"slugid": {
			"version": "1.1.0",
			"resolved": "https://registry.npmjs.org/slugid/-/slugid-1.1.0.tgz",
			"integrity": "sha1-4J8AiZwJ9acFjtw23UnwRv1QqCo=",
			"requires": {
				"uuid": "^2.0.1"
			}
		},
		"sprintf-js": {
			"version": "1.0.3",
			"resolved": "https://registry.npmjs.org/sprintf-js/-/sprintf-js-1.0.3.tgz",
			"integrity": "sha1-BOaSb2YolTVPPdAVIDYzuFcpfiw="
		},
		"uuid": {
			"version": "2.0.3",
			"resolved": "https://registry.npmjs.org/uuid/-/uuid-2.0.3.tgz",
			"integrity": "sha1-Z+LoY3lyFVMN/zGOW/nc6/1Hsho="
		}
	}
}
