{
	"name": "@kba/anno-store",
	"version": "0.0.8",
	"lockfileVersion": 1,
	"requires": true,
	"dependencies": {
		"async": {
			"version": "2.5.0",
			"resolved": "https://registry.npmjs.org/async/-/async-2.5.0.tgz",
			"integrity": "sha512-e+lJAJeNWuPCNyxZKOBdaJGyLGHugXVQtrAwtuAe2vhxTYxFTKE73p8JuTmdH0qdQZtDvI4dhJwjZc5zsfIsYw==",
			"requires": {
				"lodash": "4.17.4"
			}
		},
		"envyconf": {
			"version": "0.0.5",
			"resolved": "https://registry.npmjs.org/envyconf/-/envyconf-0.0.5.tgz",
			"integrity": "sha1-k9uKyTZfa+rUApUcx/IdxQHVGDE="
		},
		"fetch-ponyfill": {
			"version": "6.1.0",
			"resolved": "https://registry.npmjs.org/fetch-ponyfill/-/fetch-ponyfill-6.1.0.tgz",
			"integrity": "sha512-bLc7JCjpJZZUXVxbgwUhd72Q19MAokrCXOg/Akq+wl0uFLFLklFdBkZo5OpQ3kLI0oGqrKdx6t5Zo3QwXBRmbQ==",
			"requires": {
				"node-fetch": "~2.6.0"
			}
		},
		"lodash": {
			"version": "4.17.4",
			"resolved": "https://registry.npmjs.org/lodash/-/lodash-4.17.4.tgz",
			"integrity": "sha1-eCA6TRwyiuHYbcpkYONptX9AVa4="
		},
		"node-fetch": {
			"version": "2.6.1",
			"resolved": "https://registry.npmjs.org/node-fetch/-/node-fetch-2.6.1.tgz",
			"integrity": "sha512-V4aYg89jEoVRxRb2fJdAg8FHvI7cEyYdVAh94HH0UIK8oJxUfkjlDQN9RbMx+bEjP7+ggMiFRprSti032Oipxw=="
		},
		"slugid": {
			"version": "1.1.0",
			"resolved": "https://registry.npmjs.org/slugid/-/slugid-1.1.0.tgz",
			"integrity": "sha1-4J8AiZwJ9acFjtw23UnwRv1QqCo=",
			"requires": {
				"uuid": "2.0.3"
			}
		},
		"uuid": {
			"version": "2.0.3",
			"resolved": "https://registry.npmjs.org/uuid/-/uuid-2.0.3.tgz",
			"integrity": "sha1-Z+LoY3lyFVMN/zGOW/nc6/1Hsho="
		}
	}
}
