{
	"name": "@kba/anno-plugins",
	"version": "0.0.8",
	"lockfileVersion": 1,
	"requires": true,
	"dependencies": {
		"@kba/anno-errors": {
			"version": "0.0.2",
			"resolved": "https://registry.npmjs.org/@kba/anno-errors/-/anno-errors-0.0.2.tgz",
			"integrity": "sha512-GOlGC4BSKPvXggB3zsu3GUndfYxKjnweoNKvuJV0Tk1hZiL25iLiLwMBrjROhJqIqSMPdt9qleIiYNa4eazq3Q=="
		},
		"@kba/anno-util": {
			"version": "0.0.2",
			"resolved": "https://registry.npmjs.org/@kba/anno-util/-/anno-util-0.0.2.tgz",
			"integrity": "sha512-QuCrzBkQgbPJ77v5YMpTggdVCH9ZCAYrN2hIs1h+ph9XVnqwOPF/v+JQeGOQ246V/PiZKpPh4ervqkGh+7HmkQ=="
		},
		"ajv": {
			"version": "6.12.3",
			"resolved": "https://registry.npmjs.org/ajv/-/ajv-6.12.3.tgz",
			"integrity": "sha512-4K0cK3L1hsqk9xIb2z9vs/XU+PGJZ9PNpJRDS9YLzmNdX6jmVPfamLvTJr0aDAusnHyCHO6MjzlkAsgtqp9teA==",
			"requires": {
				"fast-deep-equal": "^3.1.1",
				"fast-json-stable-stringify": "^2.0.0",
				"json-schema-traverse": "^0.4.1",
				"uri-js": "^4.2.2"
			}
		},
		"deep-extend": {
			"version": "0.5.0",
			"resolved": "https://registry.npmjs.org/deep-extend/-/deep-extend-0.5.0.tgz",
			"integrity": "sha1-bvSgmwX5iw41jW2T1Mo8rsZnKAM="
		},
		"envyconf": {
			"version": "0.0.5",
			"resolved": "https://registry.npmjs.org/envyconf/-/envyconf-0.0.5.tgz",
			"integrity": "sha1-k9uKyTZfa+rUApUcx/IdxQHVGDE="
		},
		"fast-deep-equal": {
			"version": "3.1.3",
			"resolved": "https://registry.npmjs.org/fast-deep-equal/-/fast-deep-equal-3.1.3.tgz",
			"integrity": "sha512-f3qQ9oQy9j2AhBe/H9VC91wLmKBCCU/gDOnKNAYG5hswO7BLKj09Hc5HYNz9cGI++xlpDCIgDaitVs03ATR84Q=="
		},
		"fast-json-stable-stringify": {
			"version": "2.1.0",
			"resolved": "https://registry.npmjs.org/fast-json-stable-stringify/-/fast-json-stable-stringify-2.1.0.tgz",
			"integrity": "sha512-lhd/wF+Lk98HZoTCtlVraHtfh5XYijIjalXck7saUtuanSDyLMxnHhSXEDJqHxD7msR8D0uCmqlkwjCV8xvwHw=="
		},
		"foreach": {
			"version": "2.0.5",
			"resolved": "https://registry.npmjs.org/foreach/-/foreach-2.0.5.tgz",
			"integrity": "sha1-C+4AUBiusmDQo6865ljdATbsG5k="
		},
		"hjson": {
			"version": "2.4.3",
			"resolved": "https://registry.npmjs.org/hjson/-/hjson-2.4.3.tgz",
			"integrity": "sha1-h4V4pF0TSG7DZOEeZC9X/xosy74="
		},
		"json-pointer": {
			"version": "0.6.0",
			"resolved": "https://registry.npmjs.org/json-pointer/-/json-pointer-0.6.0.tgz",
			"integrity": "sha1-jlAFUKaqxUZKRzN32leqbMIoKNc=",
			"requires": {
				"foreach": "2.0.5"
			}
		},
		"json-schema-traverse": {
			"version": "0.4.1",
			"resolved": "https://registry.npmjs.org/json-schema-traverse/-/json-schema-traverse-0.4.1.tgz",
			"integrity": "sha512-xbbCH5dCYU5T8LcEhhuh7HJ88HXuW3qsI3Y0zOZFKfZEHcpWiHU/Jxzk629Brsab/mMiHQti9wMP+845RPe3Vg=="
		},
		"lodash.set": {
			"version": "4.3.2",
			"resolved": "https://registry.npmjs.org/lodash.set/-/lodash.set-4.3.2.tgz",
			"integrity": "sha1-2HV7HagH3eJIFrDWqEvqGnYjCyM="
		},
		"punycode": {
			"version": "2.1.1",
			"resolved": "https://registry.npmjs.org/punycode/-/punycode-2.1.1.tgz",
			"integrity": "sha512-XRsRjdf+j5ml+y/6GKHPZbrF/8p2Yga0JPtdqTIY2Xe5ohJPD9saDJJLPvp9+NSBprVvevdXZybnj2cv8OEd0A=="
		},
		"sift": {
			"version": "3.3.12",
			"resolved": "https://registry.npmjs.org/sift/-/sift-3.3.12.tgz",
			"integrity": "sha1-T1zfFq89syr6BKslKXsOIK2YKUo="
		},
		"sift-date": {
			"version": "0.0.1",
			"resolved": "https://registry.npmjs.org/sift-date/-/sift-date-0.0.1.tgz",
			"integrity": "sha1-K7E77Csd+ZPS9E9Ab/SISEUvxBA=",
			"requires": {
				"sift": "3.3.12"
			}
		},
		"sift-rule": {
			"version": "0.1.3",
			"resolved": "https://registry.npmjs.org/sift-rule/-/sift-rule-0.1.3.tgz",
			"integrity": "sha512-mXiIN9eSJgXpW3dGnSj12Nv//mpklt0pAkAYOmWKj6TVGWJ4U7pclDhR73iK0OWwNLIwXZetzs5A9WRhO3ezZg==",
			"requires": {
				"hjson": "2.4.3",
				"hjson-dsf-regex": "0.0.3",
				"json-pointer": "0.6.0",
				"sift": "3.3.12",
				"sift-date": "0.0.1",
				"strsplit": "1.0.0",
				"traverse": "0.6.6"
			},
			"dependencies": {
				"hjson-dsf-regex": {
					"version": "0.0.3",
					"resolved": "https://registry.npmjs.org/hjson-dsf-regex/-/hjson-dsf-regex-0.0.3.tgz",
					"integrity": "sha512-K8dVHf/jpV13zaRnNzP8VuTOqRyXrM9U1R10DJlclHfk9QyjAS/jeI4LFh+ZVfgzoan9kl0PQ8+8zOZx/j6PgQ==",
					"requires": {
						"hjson": "2.4.3"
					}
				}
			}
		},
		"strsplit": {
			"version": "1.0.0",
			"resolved": "https://registry.npmjs.org/strsplit/-/strsplit-1.0.0.tgz",
			"integrity": "sha1-D97caOka3c/LLmvpwmJYGm6MKKo="
		},
		"traverse": {
			"version": "0.6.6",
			"resolved": "https://registry.npmjs.org/traverse/-/traverse-0.6.6.tgz",
			"integrity": "sha1-y99WD9e5r2MlAv7UD5GMFX6pcTc="
		},
		"uri-js": {
			"version": "4.2.2",
			"resolved": "https://registry.npmjs.org/uri-js/-/uri-js-4.2.2.tgz",
			"integrity": "sha512-KY9Frmirql91X2Qgjry0Wd4Y+YTdrdZheS8TFwvkbLWf/G5KNJDCh6pKL5OZctEW4+0Baa5idK2ZQuELRwPznQ==",
			"requires": {
				"punycode": "^2.1.0"
			}
		}
	}
}
