{
	"name": "@kba/anno-plugins",
	"version": "0.0.7",
	"lockfileVersion": 1,
	"requires": true,
	"dependencies": {
		"@kba/anno-errors": {
			"version": "0.0.2",
			"resolved": "https://registry.npmjs.org/@kba/anno-errors/-/anno-errors-0.0.2.tgz",
			"integrity": "sha512-GOlGC4BSKPvXggB3zsu3GUndfYxKjnweoNKvuJV0Tk1hZiL25iLiLwMBrjROhJqIqSMPdt9qleIiYNa4eazq3Q=="
		},
		"@kba/anno-util": {
			"version": "0.0.2",
			"resolved": "https://registry.npmjs.org/@kba/anno-util/-/anno-util-0.0.2.tgz",
			"integrity": "sha512-QuCrzBkQgbPJ77v5YMpTggdVCH9ZCAYrN2hIs1h+ph9XVnqwOPF/v+JQeGOQ246V/PiZKpPh4ervqkGh+7HmkQ=="
		},
		"@kba/anno-util-loaders": {
			"version": "0.0.4",
			"resolved": "https://registry.npmjs.org/@kba/anno-util-loaders/-/anno-util-loaders-0.0.4.tgz",
			"integrity": "sha512-iUVAlshQSE/k0bpg+edkJo3BAhtwKyhAwWDQOdc3nsetTK8V+fSZicGfEk/cbxI9E1tSUugwBYH9PfdBtn1zeA==",
			"requires": {
				"@kba/anno-errors": "0.0.2",
				"async": "2.6.0",
				"chokidar": "1.7.0",
				"envyconf": "0.0.5",
				"js-yaml": "3.10.0"
			}
		},
		"ajv": {
			"version": "5.5.2",
			"resolved": "https://registry.npmjs.org/ajv/-/ajv-5.5.2.tgz",
			"integrity": "sha1-c7Xuyj+rZT49P5Qis0GtQiBdyWU=",
			"requires": {
				"co": "4.6.0",
				"fast-deep-equal": "1.0.0",
				"fast-json-stable-stringify": "2.0.0",
				"json-schema-traverse": "0.3.1"
			}
		},
		"anymatch": {
			"version": "1.3.2",
			"resolved": "https://registry.npmjs.org/anymatch/-/anymatch-1.3.2.tgz",
			"integrity": "sha512-0XNayC8lTHQ2OI8aljNCN3sSx6hsr/1+rlcDAotXJR7C1oZZHCNsfpbKwMjRA3Uqb5tF1Rae2oloTr4xpq+WjA==",
			"requires": {
				"micromatch": "2.3.11",
				"normalize-path": "2.1.1"
			}
		},
		"argparse": {
			"version": "1.0.9",
			"resolved": "https://registry.npmjs.org/argparse/-/argparse-1.0.9.tgz",
			"integrity": "sha1-c9g7wmP4bpf4zE9rrhsOkKfSLIY=",
			"requires": {
				"sprintf-js": "1.0.3"
			}
		},
		"arr-diff": {
			"version": "2.0.0",
			"resolved": "https://registry.npmjs.org/arr-diff/-/arr-diff-2.0.0.tgz",
			"integrity": "sha1-jzuCf5Vai9ZpaX5KQlasPOrjVs8=",
			"requires": {
				"arr-flatten": "1.1.0"
			}
		},
		"arr-flatten": {
			"version": "1.1.0",
			"resolved": "https://registry.npmjs.org/arr-flatten/-/arr-flatten-1.1.0.tgz",
			"integrity": "sha512-L3hKV5R/p5o81R7O02IGnwpDmkp6E982XhtbuwSe3O4qOtMMMtodicASA1Cny2U+aCXcNpml+m4dPsvsJ3jatg=="
		},
		"array-unique": {
			"version": "0.2.1",
			"resolved": "https://registry.npmjs.org/array-unique/-/array-unique-0.2.1.tgz",
			"integrity": "sha1-odl8yvy8JiXMcPrc6zalDFiwGlM="
		},
		"async": {
			"version": "2.6.0",
			"resolved": "https://registry.npmjs.org/async/-/async-2.6.0.tgz",
			"integrity": "sha512-xAfGg1/NTLBBKlHFmnd7PlmUW9KhVQIUuSrYem9xzFUZy13ScvtyGGejaae9iAVRiRq9+Cx7DPFaAAhCpyxyPw==",
			"requires": {
				"lodash": "4.17.4"
			}
		},
		"async-each": {
			"version": "1.0.1",
			"resolved": "https://registry.npmjs.org/async-each/-/async-each-1.0.1.tgz",
			"integrity": "sha1-GdOGodntxufByF04iu28xW0zYC0="
		},
		"balanced-match": {
			"version": "1.0.0",
			"resolved": "https://registry.npmjs.org/balanced-match/-/balanced-match-1.0.0.tgz",
			"integrity": "sha1-ibTRmasr7kneFk6gK4nORi1xt2c="
		},
		"binary-extensions": {
			"version": "1.11.0",
			"resolved": "https://registry.npmjs.org/binary-extensions/-/binary-extensions-1.11.0.tgz",
			"integrity": "sha1-RqoXUftqL5PuXmibsQh9SxTGwgU="
		},
		"brace-expansion": {
			"version": "1.1.8",
			"resolved": "https://registry.npmjs.org/brace-expansion/-/brace-expansion-1.1.8.tgz",
			"integrity": "sha1-wHshHHyVLsH479Uad+8NHTmQopI=",
			"requires": {
				"balanced-match": "1.0.0",
				"concat-map": "0.0.1"
			}
		},
		"braces": {
			"version": "1.8.5",
			"resolved": "https://registry.npmjs.org/braces/-/braces-1.8.5.tgz",
			"integrity": "sha1-uneWLhLf+WnWt2cR6RS3N4V79qc=",
			"requires": {
				"expand-range": "1.8.2",
				"preserve": "0.2.0",
				"repeat-element": "1.1.2"
			}
		},
		"chokidar": {
			"version": "1.7.0",
			"resolved": "https://registry.npmjs.org/chokidar/-/chokidar-1.7.0.tgz",
			"integrity": "sha1-eY5ol3gVHIB2tLNg5e3SjNortGg=",
			"requires": {
				"anymatch": "1.3.2",
				"async-each": "1.0.1",
				"glob-parent": "2.0.0",
				"inherits": "2.0.3",
				"is-binary-path": "1.0.1",
				"is-glob": "2.0.1",
				"path-is-absolute": "1.0.1",
				"readdirp": "2.1.0"
			}
		},
		"co": {
			"version": "4.6.0",
			"resolved": "https://registry.npmjs.org/co/-/co-4.6.0.tgz",
			"integrity": "sha1-bqa989hTrlTMuOR7+gvz+QMfsYQ="
		},
		"concat-map": {
			"version": "0.0.1",
			"resolved": "https://registry.npmjs.org/concat-map/-/concat-map-0.0.1.tgz",
			"integrity": "sha1-2Klr13/Wjfd5OnMDajug1UBdR3s="
		},
		"core-util-is": {
			"version": "1.0.2",
			"resolved": "https://registry.npmjs.org/core-util-is/-/core-util-is-1.0.2.tgz",
			"integrity": "sha1-tf1UIgqivFq1eqtxQMlAdUUDwac="
		},
		"deep-extend": {
			"version": "0.5.0",
			"resolved": "https://registry.npmjs.org/deep-extend/-/deep-extend-0.5.0.tgz",
			"integrity": "sha1-bvSgmwX5iw41jW2T1Mo8rsZnKAM="
		},
		"envyconf": {
			"version": "0.0.5",
			"resolved": "https://registry.npmjs.org/envyconf/-/envyconf-0.0.5.tgz",
			"integrity": "sha1-k9uKyTZfa+rUApUcx/IdxQHVGDE="
		},
		"esprima": {
			"version": "4.0.0",
			"resolved": "https://registry.npmjs.org/esprima/-/esprima-4.0.0.tgz",
			"integrity": "sha512-oftTcaMu/EGrEIu904mWteKIv8vMuOgGYo7EhVJJN00R/EED9DCua/xxHRdYnKtcECzVg7xOWhflvJMnqcFZjw=="
		},
		"expand-brackets": {
			"version": "0.1.5",
			"resolved": "https://registry.npmjs.org/expand-brackets/-/expand-brackets-0.1.5.tgz",
			"integrity": "sha1-3wcoTjQqgHzXM6xa9yQR5YHRF3s=",
			"requires": {
				"is-posix-bracket": "0.1.1"
			}
		},
		"expand-range": {
			"version": "1.8.2",
			"resolved": "https://registry.npmjs.org/expand-range/-/expand-range-1.8.2.tgz",
			"integrity": "sha1-opnv/TNf4nIeuujiV+x5ZE/IUzc=",
			"requires": {
				"fill-range": "2.2.3"
			}
		},
		"extglob": {
			"version": "0.3.2",
			"resolved": "https://registry.npmjs.org/extglob/-/extglob-0.3.2.tgz",
			"integrity": "sha1-Lhj/PS9JqydlzskCPwEdqo2DSaE=",
			"requires": {
				"is-extglob": "1.0.0"
			}
		},
		"fast-deep-equal": {
			"version": "1.0.0",
			"resolved": "https://registry.npmjs.org/fast-deep-equal/-/fast-deep-equal-1.0.0.tgz",
			"integrity": "sha1-liVqO8l1WV6zbYLpkp0GDYk0Of8="
		},
		"fast-json-stable-stringify": {
			"version": "2.0.0",
			"resolved": "https://registry.npmjs.org/fast-json-stable-stringify/-/fast-json-stable-stringify-2.0.0.tgz",
			"integrity": "sha1-1RQsDK7msRifh9OnYREGT4bIu/I="
		},
		"filename-regex": {
			"version": "2.0.1",
			"resolved": "https://registry.npmjs.org/filename-regex/-/filename-regex-2.0.1.tgz",
			"integrity": "sha1-wcS5vuPglyXdsQa3XB4wH+LxiyY="
		},
		"fill-range": {
			"version": "2.2.3",
			"resolved": "https://registry.npmjs.org/fill-range/-/fill-range-2.2.3.tgz",
			"integrity": "sha1-ULd9/X5Gm8dJJHCWNpn+eoSFpyM=",
			"requires": {
				"is-number": "2.1.0",
				"isobject": "2.1.0",
				"randomatic": "1.1.7",
				"repeat-element": "1.1.2",
				"repeat-string": "1.6.1"
			}
		},
		"for-in": {
			"version": "1.0.2",
			"resolved": "https://registry.npmjs.org/for-in/-/for-in-1.0.2.tgz",
			"integrity": "sha1-gQaNKVqBQuwKxybG4iAMMPttXoA="
		},
		"for-own": {
			"version": "0.1.5",
			"resolved": "https://registry.npmjs.org/for-own/-/for-own-0.1.5.tgz",
			"integrity": "sha1-UmXGgaTylNq78XyVCbZ2OqhFEM4=",
			"requires": {
				"for-in": "1.0.2"
			}
		},
		"foreach": {
			"version": "2.0.5",
			"resolved": "https://registry.npmjs.org/foreach/-/foreach-2.0.5.tgz",
			"integrity": "sha1-C+4AUBiusmDQo6865ljdATbsG5k="
		},
		"glob-base": {
			"version": "0.3.0",
			"resolved": "https://registry.npmjs.org/glob-base/-/glob-base-0.3.0.tgz",
			"integrity": "sha1-27Fk9iIbHAscz4Kuoyi0l98Oo8Q=",
			"requires": {
				"glob-parent": "2.0.0",
				"is-glob": "2.0.1"
			}
		},
		"glob-parent": {
			"version": "2.0.0",
			"resolved": "https://registry.npmjs.org/glob-parent/-/glob-parent-2.0.0.tgz",
			"integrity": "sha1-gTg9ctsFT8zPUzbaqQLxgvbtuyg=",
			"requires": {
				"is-glob": "2.0.1"
			}
		},
		"graceful-fs": {
			"version": "4.1.11",
			"resolved": "https://registry.npmjs.org/graceful-fs/-/graceful-fs-4.1.11.tgz",
			"integrity": "sha1-Dovf5NHduIVNZOBOp8AOKgJuVlg="
		},
		"hjson": {
			"version": "2.4.3",
			"resolved": "https://registry.npmjs.org/hjson/-/hjson-2.4.3.tgz",
			"integrity": "sha1-h4V4pF0TSG7DZOEeZC9X/xosy74="
		},
		"inherits": {
			"version": "2.0.3",
			"resolved": "https://registry.npmjs.org/inherits/-/inherits-2.0.3.tgz",
			"integrity": "sha1-Yzwsg+PaQqUC9SRmAiSA9CCCYd4="
		},
		"is-binary-path": {
			"version": "1.0.1",
			"resolved": "https://registry.npmjs.org/is-binary-path/-/is-binary-path-1.0.1.tgz",
			"integrity": "sha1-dfFmQrSA8YenEcgUFh/TpKdlWJg=",
			"requires": {
				"binary-extensions": "1.11.0"
			}
		},
		"is-buffer": {
			"version": "1.1.6",
			"resolved": "https://registry.npmjs.org/is-buffer/-/is-buffer-1.1.6.tgz",
			"integrity": "sha512-NcdALwpXkTm5Zvvbk7owOUSvVvBKDgKP5/ewfXEznmQFfs4ZRmanOeKBTjRVjka3QFoN6XJ+9F3USqfHqTaU5w=="
		},
		"is-dotfile": {
			"version": "1.0.3",
			"resolved": "https://registry.npmjs.org/is-dotfile/-/is-dotfile-1.0.3.tgz",
			"integrity": "sha1-pqLzL/0t+wT1yiXs0Pa4PPeYoeE="
		},
		"is-equal-shallow": {
			"version": "0.1.3",
			"resolved": "https://registry.npmjs.org/is-equal-shallow/-/is-equal-shallow-0.1.3.tgz",
			"integrity": "sha1-IjgJj8Ih3gvPpdnqxMRdY4qhxTQ=",
			"requires": {
				"is-primitive": "2.0.0"
			}
		},
		"is-extendable": {
			"version": "0.1.1",
			"resolved": "https://registry.npmjs.org/is-extendable/-/is-extendable-0.1.1.tgz",
			"integrity": "sha1-YrEQ4omkcUGOPsNqYX1HLjAd/Ik="
		},
		"is-extglob": {
			"version": "1.0.0",
			"resolved": "https://registry.npmjs.org/is-extglob/-/is-extglob-1.0.0.tgz",
			"integrity": "sha1-rEaBd8SUNAWgkvyPKXYMb/xiBsA="
		},
		"is-glob": {
			"version": "2.0.1",
			"resolved": "https://registry.npmjs.org/is-glob/-/is-glob-2.0.1.tgz",
			"integrity": "sha1-0Jb5JqPe1WAPP9/ZEZjLCIjC2GM=",
			"requires": {
				"is-extglob": "1.0.0"
			}
		},
		"is-number": {
			"version": "2.1.0",
			"resolved": "https://registry.npmjs.org/is-number/-/is-number-2.1.0.tgz",
			"integrity": "sha1-Afy7s5NGOlSPL0ZszhbezknbkI8=",
			"requires": {
				"kind-of": "3.2.2"
			}
		},
		"is-posix-bracket": {
			"version": "0.1.1",
			"resolved": "https://registry.npmjs.org/is-posix-bracket/-/is-posix-bracket-0.1.1.tgz",
			"integrity": "sha1-MzTceXdDaOkvAW5vvAqI9c1ua8Q="
		},
		"is-primitive": {
			"version": "2.0.0",
			"resolved": "https://registry.npmjs.org/is-primitive/-/is-primitive-2.0.0.tgz",
			"integrity": "sha1-IHurkWOEmcB7Kt8kCkGochADRXU="
		},
		"isarray": {
			"version": "1.0.0",
			"resolved": "https://registry.npmjs.org/isarray/-/isarray-1.0.0.tgz",
			"integrity": "sha1-u5NdSFgsuhaMBoNJV6VKPgcSTxE="
		},
		"isobject": {
			"version": "2.1.0",
			"resolved": "https://registry.npmjs.org/isobject/-/isobject-2.1.0.tgz",
			"integrity": "sha1-8GVWEJaj8dou9GJy+BXIQNh+DIk=",
			"requires": {
				"isarray": "1.0.0"
			}
		},
		"js-yaml": {
			"version": "3.10.0",
			"resolved": "https://registry.npmjs.org/js-yaml/-/js-yaml-3.10.0.tgz",
			"integrity": "sha512-O2v52ffjLa9VeM43J4XocZE//WT9N0IiwDa3KSHH7Tu8CtH+1qM8SIZvnsTh6v+4yFy5KUY3BHUVwjpfAWsjIA==",
			"requires": {
				"argparse": "1.0.9",
				"esprima": "4.0.0"
			}
		},
		"json-pointer": {
			"version": "0.6.0",
			"resolved": "https://registry.npmjs.org/json-pointer/-/json-pointer-0.6.0.tgz",
			"integrity": "sha1-jlAFUKaqxUZKRzN32leqbMIoKNc=",
			"requires": {
				"foreach": "2.0.5"
			}
		},
		"json-schema-traverse": {
			"version": "0.3.1",
			"resolved": "https://registry.npmjs.org/json-schema-traverse/-/json-schema-traverse-0.3.1.tgz",
			"integrity": "sha1-NJptRMU6Ud6JtAgFxdXlm0F9M0A="
		},
		"kind-of": {
			"version": "3.2.2",
			"resolved": "https://registry.npmjs.org/kind-of/-/kind-of-3.2.2.tgz",
			"integrity": "sha1-MeohpzS6ubuw8yRm2JOupR5KPGQ=",
			"requires": {
				"is-buffer": "1.1.6"
			}
		},
		"lodash": {
			"version": "4.17.4",
			"resolved": "https://registry.npmjs.org/lodash/-/lodash-4.17.4.tgz",
			"integrity": "sha1-eCA6TRwyiuHYbcpkYONptX9AVa4="
		},
		"lodash.set": {
			"version": "4.3.2",
			"resolved": "https://registry.npmjs.org/lodash.set/-/lodash.set-4.3.2.tgz",
			"integrity": "sha1-2HV7HagH3eJIFrDWqEvqGnYjCyM="
		},
		"micromatch": {
			"version": "2.3.11",
			"resolved": "https://registry.npmjs.org/micromatch/-/micromatch-2.3.11.tgz",
			"integrity": "sha1-hmd8l9FyCzY0MdBNDRUpO9OMFWU=",
			"requires": {
				"arr-diff": "2.0.0",
				"array-unique": "0.2.1",
				"braces": "1.8.5",
				"expand-brackets": "0.1.5",
				"extglob": "0.3.2",
				"filename-regex": "2.0.1",
				"is-extglob": "1.0.0",
				"is-glob": "2.0.1",
				"kind-of": "3.2.2",
				"normalize-path": "2.1.1",
				"object.omit": "2.0.1",
				"parse-glob": "3.0.4",
				"regex-cache": "0.4.4"
			}
		},
		"minimatch": {
			"version": "3.0.4",
			"resolved": "https://registry.npmjs.org/minimatch/-/minimatch-3.0.4.tgz",
			"integrity": "sha512-yJHVQEhyqPLUTgt9B83PXu6W3rx4MvvHvSUvToogpwoGDOUQ+yDrR0HRot+yOCdCO7u4hX3pWft6kWBBcqh0UA==",
			"requires": {
				"brace-expansion": "1.1.8"
			}
		},
		"normalize-path": {
			"version": "2.1.1",
			"resolved": "https://registry.npmjs.org/normalize-path/-/normalize-path-2.1.1.tgz",
			"integrity": "sha1-GrKLVW4Zg2Oowab35vogE3/mrtk=",
			"requires": {
				"remove-trailing-separator": "1.1.0"
			}
		},
		"object.omit": {
			"version": "2.0.1",
			"resolved": "https://registry.npmjs.org/object.omit/-/object.omit-2.0.1.tgz",
			"integrity": "sha1-Gpx0SCnznbuFjHbKNXmuKlTr0fo=",
			"requires": {
				"for-own": "0.1.5",
				"is-extendable": "0.1.1"
			}
		},
		"parse-glob": {
			"version": "3.0.4",
			"resolved": "https://registry.npmjs.org/parse-glob/-/parse-glob-3.0.4.tgz",
			"integrity": "sha1-ssN2z7EfNVE7rdFz7wu246OIORw=",
			"requires": {
				"glob-base": "0.3.0",
				"is-dotfile": "1.0.3",
				"is-extglob": "1.0.0",
				"is-glob": "2.0.1"
			}
		},
		"path-is-absolute": {
			"version": "1.0.1",
			"resolved": "https://registry.npmjs.org/path-is-absolute/-/path-is-absolute-1.0.1.tgz",
			"integrity": "sha1-F0uSaHNVNP+8es5r9TpanhtcX18="
		},
		"preserve": {
			"version": "0.2.0",
			"resolved": "https://registry.npmjs.org/preserve/-/preserve-0.2.0.tgz",
			"integrity": "sha1-gV7R9uvGWSb4ZbMQwHE7yzMVzks="
		},
		"process-nextick-args": {
			"version": "1.0.7",
			"resolved": "https://registry.npmjs.org/process-nextick-args/-/process-nextick-args-1.0.7.tgz",
			"integrity": "sha1-FQ4gt1ZZCtP5EJPyWk8q2L/zC6M="
		},
		"randomatic": {
			"version": "1.1.7",
			"resolved": "https://registry.npmjs.org/randomatic/-/randomatic-1.1.7.tgz",
			"integrity": "sha512-D5JUjPyJbaJDkuAazpVnSfVkLlpeO3wDlPROTMLGKG1zMFNFRgrciKo1ltz/AzNTkqE0HzDx655QOL51N06how==",
			"requires": {
				"is-number": "3.0.0",
				"kind-of": "4.0.0"
			},
			"dependencies": {
				"is-number": {
					"version": "3.0.0",
					"resolved": "https://registry.npmjs.org/is-number/-/is-number-3.0.0.tgz",
					"integrity": "sha1-JP1iAaR4LPUFYcgQJ2r8fRLXEZU=",
					"requires": {
						"kind-of": "3.2.2"
					},
					"dependencies": {
						"kind-of": {
							"version": "3.2.2",
							"resolved": "https://registry.npmjs.org/kind-of/-/kind-of-3.2.2.tgz",
							"integrity": "sha1-MeohpzS6ubuw8yRm2JOupR5KPGQ=",
							"requires": {
								"is-buffer": "1.1.6"
							}
						}
					}
				},
				"kind-of": {
					"version": "4.0.0",
					"resolved": "https://registry.npmjs.org/kind-of/-/kind-of-4.0.0.tgz",
					"integrity": "sha1-IIE989cSkosgc3hpGkUGb65y3Vc=",
					"requires": {
						"is-buffer": "1.1.6"
					}
				}
			}
		},
		"readable-stream": {
			"version": "2.3.3",
			"resolved": "https://registry.npmjs.org/readable-stream/-/readable-stream-2.3.3.tgz",
			"integrity": "sha512-m+qzzcn7KUxEmd1gMbchF+Y2eIUbieUaxkWtptyHywrX0rE8QEYqPC07Vuy4Wm32/xE16NcdBctb8S0Xe/5IeQ==",
			"requires": {
				"core-util-is": "1.0.2",
				"inherits": "2.0.3",
				"isarray": "1.0.0",
				"process-nextick-args": "1.0.7",
				"safe-buffer": "5.1.1",
				"string_decoder": "1.0.3",
				"util-deprecate": "1.0.2"
			}
		},
		"readdirp": {
			"version": "2.1.0",
			"resolved": "https://registry.npmjs.org/readdirp/-/readdirp-2.1.0.tgz",
			"integrity": "sha1-TtCtBg3zBzMAxIRANz9y0cxkLXg=",
			"requires": {
				"graceful-fs": "4.1.11",
				"minimatch": "3.0.4",
				"readable-stream": "2.3.3",
				"set-immediate-shim": "1.0.1"
			}
		},
		"regex-cache": {
			"version": "0.4.4",
			"resolved": "https://registry.npmjs.org/regex-cache/-/regex-cache-0.4.4.tgz",
			"integrity": "sha512-nVIZwtCjkC9YgvWkpM55B5rBhBYRZhAaJbgcFYXXsHnbZ9UZI9nnVWYZpBlCqv9ho2eZryPnWrZGsOdPwVWXWQ==",
			"requires": {
				"is-equal-shallow": "0.1.3"
			}
		},
		"remove-trailing-separator": {
			"version": "1.1.0",
			"resolved": "https://registry.npmjs.org/remove-trailing-separator/-/remove-trailing-separator-1.1.0.tgz",
			"integrity": "sha1-wkvOKig62tW8P1jg1IJJuSN52O8="
		},
		"repeat-element": {
			"version": "1.1.2",
			"resolved": "https://registry.npmjs.org/repeat-element/-/repeat-element-1.1.2.tgz",
			"integrity": "sha1-7wiaF40Ug7quTZPrmLT55OEdmQo="
		},
		"repeat-string": {
			"version": "1.6.1",
			"resolved": "https://registry.npmjs.org/repeat-string/-/repeat-string-1.6.1.tgz",
			"integrity": "sha1-jcrkcOHIirwtYA//Sndihtp15jc="
		},
		"safe-buffer": {
			"version": "5.1.1",
			"resolved": "https://registry.npmjs.org/safe-buffer/-/safe-buffer-5.1.1.tgz",
			"integrity": "sha512-kKvNJn6Mm93gAczWVJg7wH+wGYWNrDHdWvpUmHyEsgCtIwwo3bqPtV4tR5tuPaUhTOo/kvhVwd8XwwOllGYkbg=="
		},
		"set-immediate-shim": {
			"version": "1.0.1",
			"resolved": "https://registry.npmjs.org/set-immediate-shim/-/set-immediate-shim-1.0.1.tgz",
			"integrity": "sha1-SysbJ+uAip+NzEgaWOXlb1mfP2E="
		},
		"sift": {
			"version": "3.3.12",
			"resolved": "https://registry.npmjs.org/sift/-/sift-3.3.12.tgz",
			"integrity": "sha1-T1zfFq89syr6BKslKXsOIK2YKUo="
		},
		"sift-date": {
			"version": "0.0.1",
			"resolved": "https://registry.npmjs.org/sift-date/-/sift-date-0.0.1.tgz",
			"integrity": "sha1-K7E77Csd+ZPS9E9Ab/SISEUvxBA=",
			"requires": {
				"sift": "3.3.12"
			}
		},
		"sift-rule": {
			"version": "0.1.3",
			"resolved": "https://registry.npmjs.org/sift-rule/-/sift-rule-0.1.3.tgz",
			"integrity": "sha512-mXiIN9eSJgXpW3dGnSj12Nv//mpklt0pAkAYOmWKj6TVGWJ4U7pclDhR73iK0OWwNLIwXZetzs5A9WRhO3ezZg==",
			"requires": {
				"hjson": "2.4.3",
				"hjson-dsf-regex": "0.0.3",
				"json-pointer": "0.6.0",
				"sift": "3.3.12",
				"sift-date": "0.0.1",
				"strsplit": "1.0.0",
				"traverse": "0.6.6"
			},
			"dependencies": {
				"hjson-dsf-regex": {
					"version": "0.0.3",
					"resolved": "https://registry.npmjs.org/hjson-dsf-regex/-/hjson-dsf-regex-0.0.3.tgz",
					"integrity": "sha512-K8dVHf/jpV13zaRnNzP8VuTOqRyXrM9U1R10DJlclHfk9QyjAS/jeI4LFh+ZVfgzoan9kl0PQ8+8zOZx/j6PgQ==",
					"requires": {
						"hjson": "2.4.3"
					}
				}
			}
		},
		"sprintf-js": {
			"version": "1.0.3",
			"resolved": "https://registry.npmjs.org/sprintf-js/-/sprintf-js-1.0.3.tgz",
			"integrity": "sha1-BOaSb2YolTVPPdAVIDYzuFcpfiw="
		},
		"string_decoder": {
			"version": "1.0.3",
			"resolved": "https://registry.npmjs.org/string_decoder/-/string_decoder-1.0.3.tgz",
			"integrity": "sha512-4AH6Z5fzNNBcH+6XDMfA/BTt87skxqJlO0lAh3Dker5zThcAxG6mKz+iGu308UKoPPQ8Dcqx/4JhujzltRa+hQ==",
			"requires": {
				"safe-buffer": "5.1.1"
			}
		},
		"strsplit": {
			"version": "1.0.0",
			"resolved": "https://registry.npmjs.org/strsplit/-/strsplit-1.0.0.tgz",
			"integrity": "sha1-D97caOka3c/LLmvpwmJYGm6MKKo="
		},
		"traverse": {
			"version": "0.6.6",
			"resolved": "https://registry.npmjs.org/traverse/-/traverse-0.6.6.tgz",
			"integrity": "sha1-y99WD9e5r2MlAv7UD5GMFX6pcTc="
		},
		"util-deprecate": {
			"version": "1.0.2",
			"resolved": "https://registry.npmjs.org/util-deprecate/-/util-deprecate-1.0.2.tgz",
			"integrity": "sha1-RQ1Nyfpw3nMnYvvS1KKJgUGaDM8="
		}
	}
}
